
Microsoft Visual Studio Solution File, Format Version 12.00
# Visual Studio Version 16
VisualStudioVersion = 16.0.28803.156
MinimumVisualStudioVersion = 10.0.40219.1
Project("{F2A71F9B-5D33-465A-A702-920D77279786}") = "SiebelPCA", "SiebelPCA\SiebelPCA.fsproj", "{9E5CC149-D55F-4AC4-891C-8314E2936DB2}"
EndProject
Project("{9A19103F-16F7-4668-BE54-9A1E7A4F7556}") = "Debug", "Debug\Debug.csproj", "{7964EBD6-D066-47AD-B03C-78A49308B0EE}"
EndProject
Project("{6EC3EE1D-3C4E-46DD-8F32-0CC8E7565705}") = "GiraffeApi", "GiraffeApi\GiraffeApi.fsproj", "{4DED0AB5-9B6B-4C2E-93CD-463B9D96C638}"
EndProject
Project("{6EC3EE1D-3C4E-46DD-8F32-0CC8E7565705}") = "Calculator", "Calculator\Calculator.fsproj", "{436AB392-9185-4F39-8819-998345AADB48}"
EndProject
Project("{6EC3EE1D-3C4E-46DD-8F32-0CC8E7565705}") = "PASIC", "PASIC\PASIC.fsproj", "{96BFDA34-C098-4464-8758-89CA62E86341}"
EndProject
Project("{F2A71F9B-5D33-465A-A702-920D77279786}") = "MachineLearning", "MachineLearning\MachineLearning.fsproj", "{2F936A4B-A70D-48C5-A290-6A385D788B24}"
EndProject
Project("{FAE04EC0-301F-11D3-BF4B-00C04F79EFBC}") = "MachineLearning.BLL", "MachineLearning.BLL\MachineLearning.BLL.csproj", "{2414F670-F9C9-4784-A3B5-97F647E764A1}"
EndProject
Project("{FAE04EC0-301F-11D3-BF4B-00C04F79EFBC}") = "Tests", "Tests\Tests.csproj", "{A6506F9B-4334-47F3-BBFF-CD333CCAD73F}"
EndProject
Project("{2150E333-8FDC-42A3-9474-1A3956D46DE8}") = "CSharp", "CSharp", "{75752AA6-2C72-4064-A5C3-5653DC08ED45}"
EndProject
Project("{2150E333-8FDC-42A3-9474-1A3956D46DE8}") = "FSharp", "FSharp", "{A1A42441-FE22-4FB0-94A0-9494D4C5D580}"
EndProject
Project("{FAE04EC0-301F-11D3-BF4B-00C04F79EFBC}") = "SprTeamRoomApp", "SprTeamRoomApp\SprTeamRoomApp.csproj", "{53B3F77B-E2DD-40BF-8CC4-DBE7F948B9FB}"
EndProject
Project("{9A19103F-16F7-4668-BE54-9A1E7A4F7556}") = "ExpressionParser", "ExpressionParser\ExpressionParser.csproj", "{B4F6D474-4249-40BC-B428-9D6CDC99362D}"
EndProject
Global
	GlobalSection(SolutionConfigurationPlatforms) = preSolution
		Debug|Any CPU = Debug|Any CPU
		Debug|ARM = Debug|ARM
		Debug|ARM64 = Debug|ARM64
		Debug|x64 = Debug|x64
		Debug|x86 = Debug|x86
		Release|Any CPU = Release|Any CPU
		Release|ARM = Release|ARM
		Release|ARM64 = Release|ARM64
		Release|x64 = Release|x64
		Release|x86 = Release|x86
	EndGlobalSection
	GlobalSection(ProjectConfigurationPlatforms) = postSolution
		{9E5CC149-D55F-4AC4-891C-8314E2936DB2}.Debug|Any CPU.ActiveCfg = Debug|Any CPU
		{9E5CC149-D55F-4AC4-891C-8314E2936DB2}.Debug|Any CPU.Build.0 = Debug|Any CPU
		{9E5CC149-D55F-4AC4-891C-8314E2936DB2}.Debug|ARM.ActiveCfg = Debug|Any CPU
		{9E5CC149-D55F-4AC4-891C-8314E2936DB2}.Debug|ARM.Build.0 = Debug|Any CPU
		{9E5CC149-D55F-4AC4-891C-8314E2936DB2}.Debug|ARM64.ActiveCfg = Debug|Any CPU
		{9E5CC149-D55F-4AC4-891C-8314E2936DB2}.Debug|ARM64.Build.0 = Debug|Any CPU
		{9E5CC149-D55F-4AC4-891C-8314E2936DB2}.Debug|x64.ActiveCfg = Debug|Any CPU
		{9E5CC149-D55F-4AC4-891C-8314E2936DB2}.Debug|x64.Build.0 = Debug|Any CPU
		{9E5CC149-D55F-4AC4-891C-8314E2936DB2}.Debug|x86.ActiveCfg = Debug|Any CPU
		{9E5CC149-D55F-4AC4-891C-8314E2936DB2}.Debug|x86.Build.0 = Debug|Any CPU
		{9E5CC149-D55F-4AC4-891C-8314E2936DB2}.Release|Any CPU.ActiveCfg = Release|Any CPU
		{9E5CC149-D55F-4AC4-891C-8314E2936DB2}.Release|Any CPU.Build.0 = Release|Any CPU
		{9E5CC149-D55F-4AC4-891C-8314E2936DB2}.Release|ARM.ActiveCfg = Release|Any CPU
		{9E5CC149-D55F-4AC4-891C-8314E2936DB2}.Release|ARM.Build.0 = Release|Any CPU
		{9E5CC149-D55F-4AC4-891C-8314E2936DB2}.Release|ARM64.ActiveCfg = Release|Any CPU
		{9E5CC149-D55F-4AC4-891C-8314E2936DB2}.Release|ARM64.Build.0 = Release|Any CPU
		{9E5CC149-D55F-4AC4-891C-8314E2936DB2}.Release|x64.ActiveCfg = Release|Any CPU
		{9E5CC149-D55F-4AC4-891C-8314E2936DB2}.Release|x64.Build.0 = Release|Any CPU
		{9E5CC149-D55F-4AC4-891C-8314E2936DB2}.Release|x86.ActiveCfg = Release|Any CPU
		{9E5CC149-D55F-4AC4-891C-8314E2936DB2}.Release|x86.Build.0 = Release|Any CPU
		{7964EBD6-D066-47AD-B03C-78A49308B0EE}.Debug|Any CPU.ActiveCfg = Debug|Any CPU
		{7964EBD6-D066-47AD-B03C-78A49308B0EE}.Debug|Any CPU.Build.0 = Debug|Any CPU
		{7964EBD6-D066-47AD-B03C-78A49308B0EE}.Debug|ARM.ActiveCfg = Debug|Any CPU
		{7964EBD6-D066-47AD-B03C-78A49308B0EE}.Debug|ARM.Build.0 = Debug|Any CPU
		{7964EBD6-D066-47AD-B03C-78A49308B0EE}.Debug|ARM64.ActiveCfg = Debug|Any CPU
		{7964EBD6-D066-47AD-B03C-78A49308B0EE}.Debug|ARM64.Build.0 = Debug|Any CPU
		{7964EBD6-D066-47AD-B03C-78A49308B0EE}.Debug|x64.ActiveCfg = Debug|Any CPU
		{7964EBD6-D066-47AD-B03C-78A49308B0EE}.Debug|x64.Build.0 = Debug|Any CPU
		{7964EBD6-D066-47AD-B03C-78A49308B0EE}.Debug|x86.ActiveCfg = Debug|Any CPU
		{7964EBD6-D066-47AD-B03C-78A49308B0EE}.Debug|x86.Build.0 = Debug|Any CPU
		{7964EBD6-D066-47AD-B03C-78A49308B0EE}.Release|Any CPU.ActiveCfg = Release|Any CPU
		{7964EBD6-D066-47AD-B03C-78A49308B0EE}.Release|Any CPU.Build.0 = Release|Any CPU
		{7964EBD6-D066-47AD-B03C-78A49308B0EE}.Release|ARM.ActiveCfg = Release|Any CPU
		{7964EBD6-D066-47AD-B03C-78A49308B0EE}.Release|ARM.Build.0 = Release|Any CPU
		{7964EBD6-D066-47AD-B03C-78A49308B0EE}.Release|ARM64.ActiveCfg = Release|Any CPU
		{7964EBD6-D066-47AD-B03C-78A49308B0EE}.Release|ARM64.Build.0 = Release|Any CPU
		{7964EBD6-D066-47AD-B03C-78A49308B0EE}.Release|x64.ActiveCfg = Release|Any CPU
		{7964EBD6-D066-47AD-B03C-78A49308B0EE}.Release|x64.Build.0 = Release|Any CPU
		{7964EBD6-D066-47AD-B03C-78A49308B0EE}.Release|x86.ActiveCfg = Release|Any CPU
		{7964EBD6-D066-47AD-B03C-78A49308B0EE}.Release|x86.Build.0 = Release|Any CPU
		{4DED0AB5-9B6B-4C2E-93CD-463B9D96C638}.Debug|Any CPU.ActiveCfg = Debug|Any CPU
		{4DED0AB5-9B6B-4C2E-93CD-463B9D96C638}.Debug|Any CPU.Build.0 = Debug|Any CPU
		{4DED0AB5-9B6B-4C2E-93CD-463B9D96C638}.Debug|ARM.ActiveCfg = Debug|Any CPU
		{4DED0AB5-9B6B-4C2E-93CD-463B9D96C638}.Debug|ARM.Build.0 = Debug|Any CPU
		{4DED0AB5-9B6B-4C2E-93CD-463B9D96C638}.Debug|ARM64.ActiveCfg = Debug|Any CPU
		{4DED0AB5-9B6B-4C2E-93CD-463B9D96C638}.Debug|ARM64.Build.0 = Debug|Any CPU
		{4DED0AB5-9B6B-4C2E-93CD-463B9D96C638}.Debug|x64.ActiveCfg = Debug|Any CPU
		{4DED0AB5-9B6B-4C2E-93CD-463B9D96C638}.Debug|x64.Build.0 = Debug|Any CPU
		{4DED0AB5-9B6B-4C2E-93CD-463B9D96C638}.Debug|x86.ActiveCfg = Debug|Any CPU
		{4DED0AB5-9B6B-4C2E-93CD-463B9D96C638}.Debug|x86.Build.0 = Debug|Any CPU
		{4DED0AB5-9B6B-4C2E-93CD-463B9D96C638}.Release|Any CPU.ActiveCfg = Release|Any CPU
		{4DED0AB5-9B6B-4C2E-93CD-463B9D96C638}.Release|Any CPU.Build.0 = Release|Any CPU
		{4DED0AB5-9B6B-4C2E-93CD-463B9D96C638}.Release|ARM.ActiveCfg = Release|Any CPU
		{4DED0AB5-9B6B-4C2E-93CD-463B9D96C638}.Release|ARM.Build.0 = Release|Any CPU
		{4DED0AB5-9B6B-4C2E-93CD-463B9D96C638}.Release|ARM64.ActiveCfg = Release|Any CPU
		{4DED0AB5-9B6B-4C2E-93CD-463B9D96C638}.Release|ARM64.Build.0 = Release|Any CPU
		{4DED0AB5-9B6B-4C2E-93CD-463B9D96C638}.Release|x64.ActiveCfg = Release|Any CPU
		{4DED0AB5-9B6B-4C2E-93CD-463B9D96C638}.Release|x64.Build.0 = Release|Any CPU
		{4DED0AB5-9B6B-4C2E-93CD-463B9D96C638}.Release|x86.ActiveCfg = Release|Any CPU
		{4DED0AB5-9B6B-4C2E-93CD-463B9D96C638}.Release|x86.Build.0 = Release|Any CPU
		{436AB392-9185-4F39-8819-998345AADB48}.Debug|Any CPU.ActiveCfg = Debug|Any CPU
		{436AB392-9185-4F39-8819-998345AADB48}.Debug|Any CPU.Build.0 = Debug|Any CPU
		{436AB392-9185-4F39-8819-998345AADB48}.Debug|ARM.ActiveCfg = Debug|Any CPU
		{436AB392-9185-4F39-8819-998345AADB48}.Debug|ARM.Build.0 = Debug|Any CPU
		{436AB392-9185-4F39-8819-998345AADB48}.Debug|ARM64.ActiveCfg = Debug|Any CPU
		{436AB392-9185-4F39-8819-998345AADB48}.Debug|ARM64.Build.0 = Debug|Any CPU
		{436AB392-9185-4F39-8819-998345AADB48}.Debug|x64.ActiveCfg = Debug|Any CPU
		{436AB392-9185-4F39-8819-998345AADB48}.Debug|x64.Build.0 = Debug|Any CPU
		{436AB392-9185-4F39-8819-998345AADB48}.Debug|x86.ActiveCfg = Debug|Any CPU
		{436AB392-9185-4F39-8819-998345AADB48}.Debug|x86.Build.0 = Debug|Any CPU
		{436AB392-9185-4F39-8819-998345AADB48}.Release|Any CPU.ActiveCfg = Release|Any CPU
		{436AB392-9185-4F39-8819-998345AADB48}.Release|Any CPU.Build.0 = Release|Any CPU
		{436AB392-9185-4F39-8819-998345AADB48}.Release|ARM.ActiveCfg = Release|Any CPU
		{436AB392-9185-4F39-8819-998345AADB48}.Release|ARM.Build.0 = Release|Any CPU
		{436AB392-9185-4F39-8819-998345AADB48}.Release|ARM64.ActiveCfg = Release|Any CPU
		{436AB392-9185-4F39-8819-998345AADB48}.Release|ARM64.Build.0 = Release|Any CPU
		{436AB392-9185-4F39-8819-998345AADB48}.Release|x64.ActiveCfg = Release|Any CPU
		{436AB392-9185-4F39-8819-998345AADB48}.Release|x64.Build.0 = Release|Any CPU
		{436AB392-9185-4F39-8819-998345AADB48}.Release|x86.ActiveCfg = Release|Any CPU
		{436AB392-9185-4F39-8819-998345AADB48}.Release|x86.Build.0 = Release|Any CPU
		{96BFDA34-C098-4464-8758-89CA62E86341}.Debug|Any CPU.ActiveCfg = Debug|Any CPU
		{96BFDA34-C098-4464-8758-89CA62E86341}.Debug|Any CPU.Build.0 = Debug|Any CPU
		{96BFDA34-C098-4464-8758-89CA62E86341}.Debug|ARM.ActiveCfg = Debug|Any CPU
		{96BFDA34-C098-4464-8758-89CA62E86341}.Debug|ARM.Build.0 = Debug|Any CPU
		{96BFDA34-C098-4464-8758-89CA62E86341}.Debug|ARM64.ActiveCfg = Debug|Any CPU
		{96BFDA34-C098-4464-8758-89CA62E86341}.Debug|ARM64.Build.0 = Debug|Any CPU
		{96BFDA34-C098-4464-8758-89CA62E86341}.Debug|x64.ActiveCfg = Debug|Any CPU
		{96BFDA34-C098-4464-8758-89CA62E86341}.Debug|x64.Build.0 = Debug|Any CPU
		{96BFDA34-C098-4464-8758-89CA62E86341}.Debug|x86.ActiveCfg = Debug|Any CPU
		{96BFDA34-C098-4464-8758-89CA62E86341}.Debug|x86.Build.0 = Debug|Any CPU
		{96BFDA34-C098-4464-8758-89CA62E86341}.Release|Any CPU.ActiveCfg = Release|Any CPU
		{96BFDA34-C098-4464-8758-89CA62E86341}.Release|Any CPU.Build.0 = Release|Any CPU
		{96BFDA34-C098-4464-8758-89CA62E86341}.Release|ARM.ActiveCfg = Release|Any CPU
		{96BFDA34-C098-4464-8758-89CA62E86341}.Release|ARM.Build.0 = Release|Any CPU
		{96BFDA34-C098-4464-8758-89CA62E86341}.Release|ARM64.ActiveCfg = Release|Any CPU
		{96BFDA34-C098-4464-8758-89CA62E86341}.Release|ARM64.Build.0 = Release|Any CPU
		{96BFDA34-C098-4464-8758-89CA62E86341}.Release|x64.ActiveCfg = Release|Any CPU
		{96BFDA34-C098-4464-8758-89CA62E86341}.Release|x64.Build.0 = Release|Any CPU
		{96BFDA34-C098-4464-8758-89CA62E86341}.Release|x86.ActiveCfg = Release|Any CPU
		{96BFDA34-C098-4464-8758-89CA62E86341}.Release|x86.Build.0 = Release|Any CPU
		{2F936A4B-A70D-48C5-A290-6A385D788B24}.Debug|Any CPU.ActiveCfg = Debug|Any CPU
		{2F936A4B-A70D-48C5-A290-6A385D788B24}.Debug|ARM.ActiveCfg = Debug|Any CPU
		{2F936A4B-A70D-48C5-A290-6A385D788B24}.Debug|ARM.Build.0 = Debug|Any CPU
		{2F936A4B-A70D-48C5-A290-6A385D788B24}.Debug|ARM64.ActiveCfg = Debug|Any CPU
		{2F936A4B-A70D-48C5-A290-6A385D788B24}.Debug|ARM64.Build.0 = Debug|Any CPU
		{2F936A4B-A70D-48C5-A290-6A385D788B24}.Debug|x64.ActiveCfg = Debug|Any CPU
		{2F936A4B-A70D-48C5-A290-6A385D788B24}.Debug|x64.Build.0 = Debug|Any CPU
		{2F936A4B-A70D-48C5-A290-6A385D788B24}.Debug|x86.ActiveCfg = Debug|Any CPU
		{2F936A4B-A70D-48C5-A290-6A385D788B24}.Debug|x86.Build.0 = Debug|Any CPU
		{2F936A4B-A70D-48C5-A290-6A385D788B24}.Release|Any CPU.ActiveCfg = Release|Any CPU
		{2F936A4B-A70D-48C5-A290-6A385D788B24}.Release|Any CPU.Build.0 = Release|Any CPU
		{2F936A4B-A70D-48C5-A290-6A385D788B24}.Release|ARM.ActiveCfg = Release|Any CPU
		{2F936A4B-A70D-48C5-A290-6A385D788B24}.Release|ARM.Build.0 = Release|Any CPU
		{2F936A4B-A70D-48C5-A290-6A385D788B24}.Release|ARM64.ActiveCfg = Release|Any CPU
		{2F936A4B-A70D-48C5-A290-6A385D788B24}.Release|ARM64.Build.0 = Release|Any CPU
		{2F936A4B-A70D-48C5-A290-6A385D788B24}.Release|x64.ActiveCfg = Release|Any CPU
		{2F936A4B-A70D-48C5-A290-6A385D788B24}.Release|x64.Build.0 = Release|Any CPU
		{2F936A4B-A70D-48C5-A290-6A385D788B24}.Release|x86.ActiveCfg = Release|Any CPU
		{2F936A4B-A70D-48C5-A290-6A385D788B24}.Release|x86.Build.0 = Release|Any CPU
		{2414F670-F9C9-4784-A3B5-97F647E764A1}.Debug|Any CPU.ActiveCfg = Debug|Any CPU
		{2414F670-F9C9-4784-A3B5-97F647E764A1}.Debug|Any CPU.Build.0 = Debug|Any CPU
		{2414F670-F9C9-4784-A3B5-97F647E764A1}.Debug|ARM.ActiveCfg = Debug|Any CPU
		{2414F670-F9C9-4784-A3B5-97F647E764A1}.Debug|ARM.Build.0 = Debug|Any CPU
		{2414F670-F9C9-4784-A3B5-97F647E764A1}.Debug|ARM64.ActiveCfg = Debug|Any CPU
		{2414F670-F9C9-4784-A3B5-97F647E764A1}.Debug|ARM64.Build.0 = Debug|Any CPU
		{2414F670-F9C9-4784-A3B5-97F647E764A1}.Debug|x64.ActiveCfg = Debug|Any CPU
		{2414F670-F9C9-4784-A3B5-97F647E764A1}.Debug|x64.Build.0 = Debug|Any CPU
		{2414F670-F9C9-4784-A3B5-97F647E764A1}.Debug|x86.ActiveCfg = Debug|Any CPU
		{2414F670-F9C9-4784-A3B5-97F647E764A1}.Debug|x86.Build.0 = Debug|Any CPU
		{2414F670-F9C9-4784-A3B5-97F647E764A1}.Release|Any CPU.ActiveCfg = Release|Any CPU
		{2414F670-F9C9-4784-A3B5-97F647E764A1}.Release|Any CPU.Build.0 = Release|Any CPU
		{2414F670-F9C9-4784-A3B5-97F647E764A1}.Release|ARM.ActiveCfg = Release|Any CPU
		{2414F670-F9C9-4784-A3B5-97F647E764A1}.Release|ARM.Build.0 = Release|Any CPU
		{2414F670-F9C9-4784-A3B5-97F647E764A1}.Release|ARM64.ActiveCfg = Release|Any CPU
		{2414F670-F9C9-4784-A3B5-97F647E764A1}.Release|ARM64.Build.0 = Release|Any CPU
		{2414F670-F9C9-4784-A3B5-97F647E764A1}.Release|x64.ActiveCfg = Release|Any CPU
		{2414F670-F9C9-4784-A3B5-97F647E764A1}.Release|x64.Build.0 = Release|Any CPU
		{2414F670-F9C9-4784-A3B5-97F647E764A1}.Release|x86.ActiveCfg = Release|Any CPU
		{2414F670-F9C9-4784-A3B5-97F647E764A1}.Release|x86.Build.0 = Release|Any CPU
		{A6506F9B-4334-47F3-BBFF-CD333CCAD73F}.Debug|Any CPU.ActiveCfg = Debug|Any CPU
		{A6506F9B-4334-47F3-BBFF-CD333CCAD73F}.Debug|Any CPU.Build.0 = Debug|Any CPU
		{A6506F9B-4334-47F3-BBFF-CD333CCAD73F}.Debug|ARM.ActiveCfg = Debug|Any CPU
		{A6506F9B-4334-47F3-BBFF-CD333CCAD73F}.Debug|ARM.Build.0 = Debug|Any CPU
		{A6506F9B-4334-47F3-BBFF-CD333CCAD73F}.Debug|ARM64.ActiveCfg = Debug|Any CPU
		{A6506F9B-4334-47F3-BBFF-CD333CCAD73F}.Debug|ARM64.Build.0 = Debug|Any CPU
		{A6506F9B-4334-47F3-BBFF-CD333CCAD73F}.Debug|x64.ActiveCfg = Debug|Any CPU
		{A6506F9B-4334-47F3-BBFF-CD333CCAD73F}.Debug|x64.Build.0 = Debug|Any CPU
		{A6506F9B-4334-47F3-BBFF-CD333CCAD73F}.Debug|x86.ActiveCfg = Debug|Any CPU
		{A6506F9B-4334-47F3-BBFF-CD333CCAD73F}.Debug|x86.Build.0 = Debug|Any CPU
		{A6506F9B-4334-47F3-BBFF-CD333CCAD73F}.Release|Any CPU.ActiveCfg = Release|Any CPU
		{A6506F9B-4334-47F3-BBFF-CD333CCAD73F}.Release|Any CPU.Build.0 = Release|Any CPU
		{A6506F9B-4334-47F3-BBFF-CD333CCAD73F}.Release|ARM.ActiveCfg = Release|Any CPU
		{A6506F9B-4334-47F3-BBFF-CD333CCAD73F}.Release|ARM.Build.0 = Release|Any CPU
		{A6506F9B-4334-47F3-BBFF-CD333CCAD73F}.Release|ARM64.ActiveCfg = Release|Any CPU
		{A6506F9B-4334-47F3-BBFF-CD333CCAD73F}.Release|ARM64.Build.0 = Release|Any CPU
		{A6506F9B-4334-47F3-BBFF-CD333CCAD73F}.Release|x64.ActiveCfg = Release|Any CPU
		{A6506F9B-4334-47F3-BBFF-CD333CCAD73F}.Release|x64.Build.0 = Release|Any CPU
		{A6506F9B-4334-47F3-BBFF-CD333CCAD73F}.Release|x86.ActiveCfg = Release|Any CPU
		{A6506F9B-4334-47F3-BBFF-CD333CCAD73F}.Release|x86.Build.0 = Release|Any CPU
		{53B3F77B-E2DD-40BF-8CC4-DBE7F948B9FB}.Debug|Any CPU.ActiveCfg = Debug|x86
		{53B3F77B-E2DD-40BF-8CC4-DBE7F948B9FB}.Debug|ARM.ActiveCfg = Debug|ARM
		{53B3F77B-E2DD-40BF-8CC4-DBE7F948B9FB}.Debug|ARM.Build.0 = Debug|ARM
		{53B3F77B-E2DD-40BF-8CC4-DBE7F948B9FB}.Debug|ARM.Deploy.0 = Debug|ARM
		{53B3F77B-E2DD-40BF-8CC4-DBE7F948B9FB}.Debug|ARM64.ActiveCfg = Debug|ARM64
		{53B3F77B-E2DD-40BF-8CC4-DBE7F948B9FB}.Debug|ARM64.Build.0 = Debug|ARM64
		{53B3F77B-E2DD-40BF-8CC4-DBE7F948B9FB}.Debug|ARM64.Deploy.0 = Debug|ARM64
		{53B3F77B-E2DD-40BF-8CC4-DBE7F948B9FB}.Debug|x64.ActiveCfg = Debug|x64
		{53B3F77B-E2DD-40BF-8CC4-DBE7F948B9FB}.Debug|x64.Build.0 = Debug|x64
		{53B3F77B-E2DD-40BF-8CC4-DBE7F948B9FB}.Debug|x64.Deploy.0 = Debug|x64
		{53B3F77B-E2DD-40BF-8CC4-DBE7F948B9FB}.Debug|x86.ActiveCfg = Debug|x86
		{53B3F77B-E2DD-40BF-8CC4-DBE7F948B9FB}.Debug|x86.Build.0 = Debug|x86
		{53B3F77B-E2DD-40BF-8CC4-DBE7F948B9FB}.Debug|x86.Deploy.0 = Debug|x86
		{53B3F77B-E2DD-40BF-8CC4-DBE7F948B9FB}.Release|Any CPU.ActiveCfg = Release|x86
		{53B3F77B-E2DD-40BF-8CC4-DBE7F948B9FB}.Release|ARM.ActiveCfg = Release|ARM
		{53B3F77B-E2DD-40BF-8CC4-DBE7F948B9FB}.Release|ARM.Build.0 = Release|ARM
		{53B3F77B-E2DD-40BF-8CC4-DBE7F948B9FB}.Release|ARM.Deploy.0 = Release|ARM
		{53B3F77B-E2DD-40BF-8CC4-DBE7F948B9FB}.Release|ARM64.ActiveCfg = Release|ARM64
		{53B3F77B-E2DD-40BF-8CC4-DBE7F948B9FB}.Release|ARM64.Build.0 = Release|ARM64
		{53B3F77B-E2DD-40BF-8CC4-DBE7F948B9FB}.Release|ARM64.Deploy.0 = Release|ARM64
		{53B3F77B-E2DD-40BF-8CC4-DBE7F948B9FB}.Release|x64.ActiveCfg = Release|x64
		{53B3F77B-E2DD-40BF-8CC4-DBE7F948B9FB}.Release|x64.Build.0 = Release|x64
		{53B3F77B-E2DD-40BF-8CC4-DBE7F948B9FB}.Release|x64.Deploy.0 = Release|x64
		{53B3F77B-E2DD-40BF-8CC4-DBE7F948B9FB}.Release|x86.ActiveCfg = Release|x86
		{53B3F77B-E2DD-40BF-8CC4-DBE7F948B9FB}.Release|x86.Build.0 = Release|x86
		{53B3F77B-E2DD-40BF-8CC4-DBE7F948B9FB}.Release|x86.Deploy.0 = Release|x86
		{B4F6D474-4249-40BC-B428-9D6CDC99362D}.Debug|Any CPU.ActiveCfg = Debug|Any CPU
		{B4F6D474-4249-40BC-B428-9D6CDC99362D}.Debug|Any CPU.Build.0 = Debug|Any CPU
		{B4F6D474-4249-40BC-B428-9D6CDC99362D}.Debug|ARM.ActiveCfg = Debug|Any CPU
		{B4F6D474-4249-40BC-B428-9D6CDC99362D}.Debug|ARM.Build.0 = Debug|Any CPU
		{B4F6D474-4249-40BC-B428-9D6CDC99362D}.Debug|ARM64.ActiveCfg = Debug|Any CPU
		{B4F6D474-4249-40BC-B428-9D6CDC99362D}.Debug|ARM64.Build.0 = Debug|Any CPU
		{B4F6D474-4249-40BC-B428-9D6CDC99362D}.Debug|x64.ActiveCfg = Debug|Any CPU
		{B4F6D474-4249-40BC-B428-9D6CDC99362D}.Debug|x64.Build.0 = Debug|Any CPU
		{B4F6D474-4249-40BC-B428-9D6CDC99362D}.Debug|x86.ActiveCfg = Debug|Any CPU
		{B4F6D474-4249-40BC-B428-9D6CDC99362D}.Debug|x86.Build.0 = Debug|Any CPU
		{B4F6D474-4249-40BC-B428-9D6CDC99362D}.Release|Any CPU.ActiveCfg = Release|Any CPU
		{B4F6D474-4249-40BC-B428-9D6CDC99362D}.Release|Any CPU.Build.0 = Release|Any CPU
		{B4F6D474-4249-40BC-B428-9D6CDC99362D}.Release|ARM.ActiveCfg = Release|Any CPU
		{B4F6D474-4249-40BC-B428-9D6CDC99362D}.Release|ARM.Build.0 = Release|Any CPU
		{B4F6D474-4249-40BC-B428-9D6CDC99362D}.Release|ARM64.ActiveCfg = Release|Any CPU
		{B4F6D474-4249-40BC-B428-9D6CDC99362D}.Release|ARM64.Build.0 = Release|Any CPU
		{B4F6D474-4249-40BC-B428-9D6CDC99362D}.Release|x64.ActiveCfg = Release|Any CPU
		{B4F6D474-4249-40BC-B428-9D6CDC99362D}.Release|x64.Build.0 = Release|Any CPU
		{B4F6D474-4249-40BC-B428-9D6CDC99362D}.Release|x86.ActiveCfg = Release|Any CPU
		{B4F6D474-4249-40BC-B428-9D6CDC99362D}.Release|x86.Build.0 = Release|Any CPU
	EndGlobalSection
	GlobalSection(SolutionProperties) = preSolution
		HideSolutionNode = FALSE
	EndGlobalSection
	GlobalSection(NestedProjects) = preSolution
		{9E5CC149-D55F-4AC4-891C-8314E2936DB2} = {A1A42441-FE22-4FB0-94A0-9494D4C5D580}
		{7964EBD6-D066-47AD-B03C-78A49308B0EE} = {75752AA6-2C72-4064-A5C3-5653DC08ED45}
		{4DED0AB5-9B6B-4C2E-93CD-463B9D96C638} = {A1A42441-FE22-4FB0-94A0-9494D4C5D580}
		{436AB392-9185-4F39-8819-998345AADB48} = {A1A42441-FE22-4FB0-94A0-9494D4C5D580}
		{96BFDA34-C098-4464-8758-89CA62E86341} = {A1A42441-FE22-4FB0-94A0-9494D4C5D580}
		{2F936A4B-A70D-48C5-A290-6A385D788B24} = {A1A42441-FE22-4FB0-94A0-9494D4C5D580}
		{2414F670-F9C9-4784-A3B5-97F647E764A1} = {75752AA6-2C72-4064-A5C3-5653DC08ED45}
		{A6506F9B-4334-47F3-BBFF-CD333CCAD73F} = {75752AA6-2C72-4064-A5C3-5653DC08ED45}
		{53B3F77B-E2DD-40BF-8CC4-DBE7F948B9FB} = {75752AA6-2C72-4064-A5C3-5653DC08ED45}
		{B4F6D474-4249-40BC-B428-9D6CDC99362D} = {75752AA6-2C72-4064-A5C3-5653DC08ED45}
	EndGlobalSection
	GlobalSection(ExtensibilityGlobals) = postSolution
		SolutionGuid = {17C6EF67-4870-47F4-98B7-A24D3D2F828D}
	EndGlobalSection
EndGlobal
